
Microsoft Visual Studio Solution File, Format Version 12.00
# Visual Studio Version 16
VisualStudioVersion = 16.0.31205.134
MinimumVisualStudioVersion = 10.0.40219.1
Project("{9A19103F-16F7-4668-BE54-9A1E7A4F7556}") = "EmployeeDataWarehouseIntegration", "EmployeeDataWarehouseIntegration\EmployeeDataWarehouseIntegration.csproj", "{9CE3623D-B840-462E-964B-85425AD1656F}"
EndProject
Global
	GlobalSection(SolutionConfigurationPlatforms) = preSolution
		Debug|Any CPU = Debug|Any CPU
		Release|Any CPU = Release|Any CPU
	EndGlobalSection
	GlobalSection(ProjectConfigurationPlatforms) = postSolution
		{9CE3623D-B840-462E-964B-85425AD1656F}.Debug|Any CPU.ActiveCfg = Debug|Any CPU
		{9CE3623D-B840-462E-964B-85425AD1656F}.Debug|Any CPU.Build.0 = Debug|Any CPU
		{9CE3623D-B840-462E-964B-85425AD1656F}.Release|Any CPU.ActiveCfg = Release|Any CPU
		{9CE3623D-B840-462E-964B-85425AD1656F}.Release|Any CPU.Build.0 = Release|Any CPU
	EndGlobalSection
	GlobalSection(SolutionProperties) = preSolution
		HideSolutionNode = FALSE
	EndGlobalSection
	GlobalSection(ExtensibilityGlobals) = postSolution
		SolutionGuid = {A3A0EABF-9F2D-4A5D-AD87-3D21AC1CD3F6}
	EndGlobalSection
EndGlobal
